
Microsoft Visual Studio Solution File, Format Version 12.00
# Visual Studio Version 17
VisualStudioVersion = 17.2.32630.192
MinimumVisualStudioVersion = 10.0.40219.1
Project("{9A19103F-16F7-4668-BE54-9A1E7A4F7556}") = "gg.ast", "gg.ast\gg.ast.csproj", "{8B9A874E-C956-4DCE-86E1-6D91CE72C978}"
EndProject
Project("{9A19103F-16F7-4668-BE54-9A1E7A4F7556}") = "gg.ast.examples", "gg.ast.examples\gg.ast.examples.csproj", "{5A43C265-C174-4576-A316-79F4CAE17411}"
EndProject
Project("{9A19103F-16F7-4668-BE54-9A1E7A4F7556}") = "gg.ast.tests", "gg.ast.tests\gg.ast.tests.csproj", "{B2D1F0F7-F2E0-48F8-AB9F-516801D29E77}"
EndProject
Project("{FAE04EC0-301F-11D3-BF4B-00C04F79EFBC}") = "gg.ast.examples.test", "gg.ast.examples.test\gg.ast.examples.test.csproj", "{C8736A3A-E108-42F5-BD59-C11B40BB61DA}"
EndProject
Global
	GlobalSection(SolutionConfigurationPlatforms) = preSolution
		Debug|Any CPU = Debug|Any CPU
		Release|Any CPU = Release|Any CPU
	EndGlobalSection
	GlobalSection(ProjectConfigurationPlatforms) = postSolution
		{8B9A874E-C956-4DCE-86E1-6D91CE72C978}.Debug|Any CPU.ActiveCfg = Debug|Any CPU
		{8B9A874E-C956-4DCE-86E1-6D91CE72C978}.Debug|Any CPU.Build.0 = Debug|Any CPU
		{8B9A874E-C956-4DCE-86E1-6D91CE72C978}.Release|Any CPU.ActiveCfg = Release|Any CPU
		{8B9A874E-C956-4DCE-86E1-6D91CE72C978}.Release|Any CPU.Build.0 = Release|Any CPU
		{5A43C265-C174-4576-A316-79F4CAE17411}.Debug|Any CPU.ActiveCfg = Debug|Any CPU
		{5A43C265-C174-4576-A316-79F4CAE17411}.Debug|Any CPU.Build.0 = Debug|Any CPU
		{5A43C265-C174-4576-A316-79F4CAE17411}.Release|Any CPU.ActiveCfg = Release|Any CPU
		{5A43C265-C174-4576-A316-79F4CAE17411}.Release|Any CPU.Build.0 = Release|Any CPU
		{B2D1F0F7-F2E0-48F8-AB9F-516801D29E77}.Debug|Any CPU.ActiveCfg = Debug|Any CPU
		{B2D1F0F7-F2E0-48F8-AB9F-516801D29E77}.Debug|Any CPU.Build.0 = Debug|Any CPU
		{B2D1F0F7-F2E0-48F8-AB9F-516801D29E77}.Release|Any CPU.ActiveCfg = Release|Any CPU
		{B2D1F0F7-F2E0-48F8-AB9F-516801D29E77}.Release|Any CPU.Build.0 = Release|Any CPU
		{C8736A3A-E108-42F5-BD59-C11B40BB61DA}.Debug|Any CPU.ActiveCfg = Debug|Any CPU
		{C8736A3A-E108-42F5-BD59-C11B40BB61DA}.Debug|Any CPU.Build.0 = Debug|Any CPU
		{C8736A3A-E108-42F5-BD59-C11B40BB61DA}.Release|Any CPU.ActiveCfg = Release|Any CPU
		{C8736A3A-E108-42F5-BD59-C11B40BB61DA}.Release|Any CPU.Build.0 = Release|Any CPU
	EndGlobalSection
	GlobalSection(SolutionProperties) = preSolution
		HideSolutionNode = FALSE
	EndGlobalSection
	GlobalSection(ExtensibilityGlobals) = postSolution
		SolutionGuid = {FBABE39E-022C-4A79-84BD-60F7C92146E2}
	EndGlobalSection
EndGlobal
